
Microsoft Visual Studio Solution File, Format Version 12.00
# Visual Studio 15
VisualStudioVersion = 15.0.27004.2009
MinimumVisualStudioVersion = 10.0.40219.1
Project("{FAE04EC0-301F-11D3-BF4B-00C04F79EFBC}") = "Collection", "Collection\Collection.csproj", "{AC708458-42AC-4CDA-A782-CB78A0FB8A90}"
EndProject
Global
	GlobalSection(SolutionConfigurationPlatforms) = preSolution
		Debug|Any CPU = Debug|Any CPU
		Release|Any CPU = Release|Any CPU
	EndGlobalSection
	GlobalSection(ProjectConfigurationPlatforms) = postSolution
		{AC708458-42AC-4CDA-A782-CB78A0FB8A90}.Debug|Any CPU.ActiveCfg = Debug|Any CPU
		{AC708458-42AC-4CDA-A782-CB78A0FB8A90}.Debug|Any CPU.Build.0 = Debug|Any CPU
		{AC708458-42AC-4CDA-A782-CB78A0FB8A90}.Release|Any CPU.ActiveCfg = Release|Any CPU
		{AC708458-42AC-4CDA-A782-CB78A0FB8A90}.Release|Any CPU.Build.0 = Release|Any CPU
	EndGlobalSection
	GlobalSection(SolutionProperties) = preSolution
		HideSolutionNode = FALSE
	EndGlobalSection
	GlobalSection(ExtensibilityGlobals) = postSolution
		SolutionGuid = {D97D0A55-A4FA-48A5-A593-7A50FE2270FF}
	EndGlobalSection
EndGlobal
